// !$*UTF8*$!
{
	archiveVersion = 1;
	classes = {
	};
	objectVersion = 56;
	objects = {

/* Begin PBXBuildFile section */
		490D242E020EE25129B3FBDA /* Pods_Movies.framework in Frameworks */ = {isa = PBXBuildFile; fileRef = 21AA50381CA7BE9A226EA598 /* Pods_Movies.framework */; };
		69C2E0FA2A6A8E4900D04101 /* MoviesApp.swift in Sources */ = {isa = PBXBuildFile; fileRef = 69C2E0F92A6A8E4900D04101 /* MoviesApp.swift */; };
		69C2E0FE2A6A8E4B00D04101 /* Assets.xcassets in Resources */ = {isa = PBXBuildFile; fileRef = 69C2E0FD2A6A8E4B00D04101 /* Assets.xcassets */; };
		69C2E1012A6A8E4B00D04101 /* Preview Assets.xcassets in Resources */ = {isa = PBXBuildFile; fileRef = 69C2E1002A6A8E4B00D04101 /* Preview Assets.xcassets */; };
		69C2E10C2A6A8F0D00D04101 /* MoviesListView.swift in Sources */ = {isa = PBXBuildFile; fileRef = 69C2E10B2A6A8F0D00D04101 /* MoviesListView.swift */; };
		69C2E1122A6A8F6D00D04101 /* Constants.swift in Sources */ = {isa = PBXBuildFile; fileRef = 69C2E1112A6A8F6D00D04101 /* Constants.swift */; };
		69C2E1142A6AAEE100D04101 /* BaseReachability.swift in Sources */ = {isa = PBXBuildFile; fileRef = 69C2E1132A6AAEE100D04101 /* BaseReachability.swift */; };
		69C2E1162A6AB12000D04101 /* BaseAPI.swift in Sources */ = {isa = PBXBuildFile; fileRef = 69C2E1152A6AB12000D04101 /* BaseAPI.swift */; };
		69C2E1182A6AB14300D04101 /* BaseInterceptor.swift in Sources */ = {isa = PBXBuildFile; fileRef = 69C2E1172A6AB14300D04101 /* BaseInterceptor.swift */; };
		69C2E11A2A6AB15E00D04101 /* ErrorResponse.swift in Sources */ = {isa = PBXBuildFile; fileRef = 69C2E1192A6AB15E00D04101 /* ErrorResponse.swift */; };
		69C2E11C2A6AB16F00D04101 /* TargetType.swift in Sources */ = {isa = PBXBuildFile; fileRef = 69C2E11B2A6AB16F00D04101 /* TargetType.swift */; };
		69C2E11E2A6AB18200D04101 /* BaseResponse.swift in Sources */ = {isa = PBXBuildFile; fileRef = 69C2E11D2A6AB18200D04101 /* BaseResponse.swift */; };
		69C2E1202A6AB2B000D04101 /* MovieItemView.swift in Sources */ = {isa = PBXBuildFile; fileRef = 69C2E11F2A6AB2B000D04101 /* MovieItemView.swift */; };
		69C2E1232A6AB5B500D04101 /* MovieModel.swift in Sources */ = {isa = PBXBuildFile; fileRef = 69C2E1222A6AB5B500D04101 /* MovieModel.swift */; };
		69C2E1252A6AB6C600D04101 /* MovieVM.swift in Sources */ = {isa = PBXBuildFile; fileRef = 69C2E1242A6AB6C600D04101 /* MovieVM.swift */; };
		69C2E12A2A6AB86B00D04101 /* MoviesNetworking.swift in Sources */ = {isa = PBXBuildFile; fileRef = 69C2E1292A6AB86B00D04101 /* MoviesNetworking.swift */; };
		69C2E12C2A6AB92D00D04101 /* MoviesAPI.swift in Sources */ = {isa = PBXBuildFile; fileRef = 69C2E12B2A6AB92D00D04101 /* MoviesAPI.swift */; };
		69C2E12E2A6C02AC00D04101 /* MoviesListViewModel.swift in Sources */ = {isa = PBXBuildFile; fileRef = 69C2E12D2A6C02AC00D04101 /* MoviesListViewModel.swift */; };
/* End PBXBuildFile section */

/* Begin PBXFileReference section */
		21AA50381CA7BE9A226EA598 /* Pods_Movies.framework */ = {isa = PBXFileReference; explicitFileType = wrapper.framework; includeInIndex = 0; path = Pods_Movies.framework; sourceTree = BUILT_PRODUCTS_DIR; };
		69C2E0F62A6A8E4900D04101 /* Movies.app */ = {isa = PBXFileReference; explicitFileType = wrapper.application; includeInIndex = 0; path = Movies.app; sourceTree = BUILT_PRODUCTS_DIR; };
		69C2E0F92A6A8E4900D04101 /* MoviesApp.swift */ = {isa = PBXFileReference; lastKnownFileType = sourcecode.swift; path = MoviesApp.swift; sourceTree = "<group>"; };
		69C2E0FD2A6A8E4B00D04101 /* Assets.xcassets */ = {isa = PBXFileReference; lastKnownFileType = folder.assetcatalog; path = Assets.xcassets; sourceTree = "<group>"; };
		69C2E1002A6A8E4B00D04101 /* Preview Assets.xcassets */ = {isa = PBXFileReference; lastKnownFileType = folder.assetcatalog; path = "Preview Assets.xcassets"; sourceTree = "<group>"; };
		69C2E10B2A6A8F0D00D04101 /* MoviesListView.swift */ = {isa = PBXFileReference; lastKnownFileType = sourcecode.swift; path = MoviesListView.swift; sourceTree = "<group>"; };
		69C2E1112A6A8F6D00D04101 /* Constants.swift */ = {isa = PBXFileReference; lastKnownFileType = sourcecode.swift; path = Constants.swift; sourceTree = "<group>"; };
		69C2E1132A6AAEE100D04101 /* BaseReachability.swift */ = {isa = PBXFileReference; lastKnownFileType = sourcecode.swift; path = BaseReachability.swift; sourceTree = "<group>"; };
		69C2E1152A6AB12000D04101 /* BaseAPI.swift */ = {isa = PBXFileReference; lastKnownFileType = sourcecode.swift; path = BaseAPI.swift; sourceTree = "<group>"; };
		69C2E1172A6AB14300D04101 /* BaseInterceptor.swift */ = {isa = PBXFileReference; lastKnownFileType = sourcecode.swift; path = BaseInterceptor.swift; sourceTree = "<group>"; };
		69C2E1192A6AB15E00D04101 /* ErrorResponse.swift */ = {isa = PBXFileReference; lastKnownFileType = sourcecode.swift; path = ErrorResponse.swift; sourceTree = "<group>"; };
		69C2E11B2A6AB16F00D04101 /* TargetType.swift */ = {isa = PBXFileReference; lastKnownFileType = sourcecode.swift; path = TargetType.swift; sourceTree = "<group>"; };
		69C2E11D2A6AB18200D04101 /* BaseResponse.swift */ = {isa = PBXFileReference; lastKnownFileType = sourcecode.swift; path = BaseResponse.swift; sourceTree = "<group>"; };
		69C2E11F2A6AB2B000D04101 /* MovieItemView.swift */ = {isa = PBXFileReference; lastKnownFileType = sourcecode.swift; path = MovieItemView.swift; sourceTree = "<group>"; };
		69C2E1222A6AB5B500D04101 /* MovieModel.swift */ = {isa = PBXFileReference; lastKnownFileType = sourcecode.swift; path = MovieModel.swift; sourceTree = "<group>"; };
		69C2E1242A6AB6C600D04101 /* MovieVM.swift */ = {isa = PBXFileReference; lastKnownFileType = sourcecode.swift; path = MovieVM.swift; sourceTree = "<group>"; };
		69C2E1292A6AB86B00D04101 /* MoviesNetworking.swift */ = {isa = PBXFileReference; lastKnownFileType = sourcecode.swift; path = MoviesNetworking.swift; sourceTree = "<group>"; };
		69C2E12B2A6AB92D00D04101 /* MoviesAPI.swift */ = {isa = PBXFileReference; lastKnownFileType = sourcecode.swift; path = MoviesAPI.swift; sourceTree = "<group>"; };
		69C2E12D2A6C02AC00D04101 /* MoviesListViewModel.swift */ = {isa = PBXFileReference; lastKnownFileType = sourcecode.swift; path = MoviesListViewModel.swift; sourceTree = "<group>"; };
		95DE140F82AEBA793B509221 /* Pods-Movies.release.xcconfig */ = {isa = PBXFileReference; includeInIndex = 1; lastKnownFileType = text.xcconfig; name = "Pods-Movies.release.xcconfig"; path = "Target Support Files/Pods-Movies/Pods-Movies.release.xcconfig"; sourceTree = "<group>"; };
		EF3E3595DC2E50600FFDE1E2 /* Pods-Movies.debug.xcconfig */ = {isa = PBXFileReference; includeInIndex = 1; lastKnownFileType = text.xcconfig; name = "Pods-Movies.debug.xcconfig"; path = "Target Support Files/Pods-Movies/Pods-Movies.debug.xcconfig"; sourceTree = "<group>"; };
/* End PBXFileReference section */

/* Begin PBXFrameworksBuildPhase section */
		69C2E0F32A6A8E4900D04101 /* Frameworks */ = {
			isa = PBXFrameworksBuildPhase;
			buildActionMask = 2147483647;
			files = (
				490D242E020EE25129B3FBDA /* Pods_Movies.framework in Frameworks */,
			);
			runOnlyForDeploymentPostprocessing = 0;
		};
/* End PBXFrameworksBuildPhase section */

/* Begin PBXGroup section */
		69C2E0ED2A6A8E4900D04101 = {
			isa = PBXGroup;
			children = (
				69C2E0F82A6A8E4900D04101 /* Movies */,
				E90C99A4890D3BD7DA496E71 /* Frameworks */,
				82FB5D860CE3332CD600EE08 /* Pods */,
				69C2E0F72A6A8E4900D04101 /* Products */,
			);
			sourceTree = "<group>";
		};
		69C2E0F72A6A8E4900D04101 /* Products */ = {
			isa = PBXGroup;
			children = (
				69C2E0F62A6A8E4900D04101 /* Movies.app */,
			);
			name = Products;
			sourceTree = "<group>";
		};
		69C2E0F82A6A8E4900D04101 /* Movies */ = {
			isa = PBXGroup;
			children = (
				69C2E1082A6A8EC500D04101 /* Models */,
				69C2E1092A6A8ED000D04101 /* Networking */,
				69C2E0FF2A6A8E4B00D04101 /* Preview Content */,
				69C2E10A2A6A8EE400D04101 /* Resources */,
				69C2E1072A6A8E8C00D04101 /* Views */,
			);
			path = Movies;
			sourceTree = "<group>";
		};
		69C2E0FF2A6A8E4B00D04101 /* Preview Content */ = {
			isa = PBXGroup;
			children = (
				69C2E1002A6A8E4B00D04101 /* Preview Assets.xcassets */,
			);
			path = "Preview Content";
			sourceTree = "<group>";
		};
		69C2E1072A6A8E8C00D04101 /* Views */ = {
			isa = PBXGroup;
			children = (
				69C2E10F2A6A8F3A00D04101 /* MovieDetails */,
				69C2E10E2A6A8F2300D04101 /* MoviesList */,
			);
			path = Views;
			sourceTree = "<group>";
		};
		69C2E1082A6A8EC500D04101 /* Models */ = {
			isa = PBXGroup;
			children = (
				69C2E1212A6AB5A600D04101 /* Movie */,
			);
			path = Models;
			sourceTree = "<group>";
		};
		69C2E1092A6A8ED000D04101 /* Networking */ = {
			isa = PBXGroup;
			children = (
				69C2E1262A6AB83900D04101 /* Movies */,
				69C2E1102A6A8F5A00D04101 /* Base */,
				69C2E1112A6A8F6D00D04101 /* Constants.swift */,
			);
			path = Networking;
			sourceTree = "<group>";
		};
		69C2E10A2A6A8EE400D04101 /* Resources */ = {
			isa = PBXGroup;
			children = (
				69C2E0F92A6A8E4900D04101 /* MoviesApp.swift */,
				69C2E0FD2A6A8E4B00D04101 /* Assets.xcassets */,
			);
			path = Resources;
			sourceTree = "<group>";
		};
		69C2E10E2A6A8F2300D04101 /* MoviesList */ = {
			isa = PBXGroup;
			children = (
				69C2E10B2A6A8F0D00D04101 /* MoviesListView.swift */,
				69C2E11F2A6AB2B000D04101 /* MovieItemView.swift */,
				69C2E12D2A6C02AC00D04101 /* MoviesListViewModel.swift */,
			);
			path = MoviesList;
			sourceTree = "<group>";
		};
		69C2E10F2A6A8F3A00D04101 /* MovieDetails */ = {
			isa = PBXGroup;
			children = (
			);
			path = MovieDetails;
			sourceTree = "<group>";
		};
		69C2E1102A6A8F5A00D04101 /* Base */ = {
			isa = PBXGroup;
			children = (
				69C2E1132A6AAEE100D04101 /* BaseReachability.swift */,
				69C2E1152A6AB12000D04101 /* BaseAPI.swift */,
				69C2E1172A6AB14300D04101 /* BaseInterceptor.swift */,
				69C2E1192A6AB15E00D04101 /* ErrorResponse.swift */,
				69C2E11B2A6AB16F00D04101 /* TargetType.swift */,
				69C2E11D2A6AB18200D04101 /* BaseResponse.swift */,
			);
			path = Base;
			sourceTree = "<group>";
		};
		69C2E1212A6AB5A600D04101 /* Movie */ = {
			isa = PBXGroup;
			children = (
				69C2E1222A6AB5B500D04101 /* MovieModel.swift */,
				69C2E1242A6AB6C600D04101 /* MovieVM.swift */,
			);
			path = Movie;
			sourceTree = "<group>";
		};
		69C2E1262A6AB83900D04101 /* Movies */ = {
			isa = PBXGroup;
			children = (
				69C2E1292A6AB86B00D04101 /* MoviesNetworking.swift */,
				69C2E12B2A6AB92D00D04101 /* MoviesAPI.swift */,
			);
			path = Movies;
			sourceTree = "<group>";
		};
		82FB5D860CE3332CD600EE08 /* Pods */ = {
			isa = PBXGroup;
			children = (
				EF3E3595DC2E50600FFDE1E2 /* Pods-Movies.debug.xcconfig */,
				95DE140F82AEBA793B509221 /* Pods-Movies.release.xcconfig */,
			);
			path = Pods;
			sourceTree = "<group>";
		};
		E90C99A4890D3BD7DA496E71 /* Frameworks */ = {
			isa = PBXGroup;
			children = (
				21AA50381CA7BE9A226EA598 /* Pods_Movies.framework */,
			);
			name = Frameworks;
			sourceTree = "<group>";
		};
/* End PBXGroup section */

/* Begin PBXNativeTarget section */
		69C2E0F52A6A8E4900D04101 /* Movies */ = {
			isa = PBXNativeTarget;
			buildConfigurationList = 69C2E1042A6A8E4B00D04101 /* Build configuration list for PBXNativeTarget "Movies" */;
			buildPhases = (
				FAAFFA5A985FCF0440D6464B /* [CP] Check Pods Manifest.lock */,
				69C2E0F22A6A8E4900D04101 /* Sources */,
				69C2E0F32A6A8E4900D04101 /* Frameworks */,
				69C2E0F42A6A8E4900D04101 /* Resources */,
				07BD93EAB2EC94F48F086ABC /* [CP] Embed Pods Frameworks */,
			);
			buildRules = (
			);
			dependencies = (
			);
			name = Movies;
			productName = Movies;
			productReference = 69C2E0F62A6A8E4900D04101 /* Movies.app */;
			productType = "com.apple.product-type.application";
		};
/* End PBXNativeTarget section */

/* Begin PBXProject section */
		69C2E0EE2A6A8E4900D04101 /* Project object */ = {
			isa = PBXProject;
			attributes = {
				BuildIndependentTargetsInParallel = 1;
				LastSwiftUpdateCheck = 1430;
				LastUpgradeCheck = 1430;
				TargetAttributes = {
					69C2E0F52A6A8E4900D04101 = {
						CreatedOnToolsVersion = 14.3.1;
					};
				};
			};
			buildConfigurationList = 69C2E0F12A6A8E4900D04101 /* Build configuration list for PBXProject "Movies" */;
			compatibilityVersion = "Xcode 14.0";
			developmentRegion = en;
			hasScannedForEncodings = 0;
			knownRegions = (
				en,
				Base,
			);
			mainGroup = 69C2E0ED2A6A8E4900D04101;
			productRefGroup = 69C2E0F72A6A8E4900D04101 /* Products */;
			projectDirPath = "";
			projectRoot = "";
			targets = (
				69C2E0F52A6A8E4900D04101 /* Movies */,
			);
		};
/* End PBXProject section */

/* Begin PBXResourcesBuildPhase section */
		69C2E0F42A6A8E4900D04101 /* Resources */ = {
			isa = PBXResourcesBuildPhase;
			buildActionMask = 2147483647;
			files = (
				69C2E1012A6A8E4B00D04101 /* Preview Assets.xcassets in Resources */,
				69C2E0FE2A6A8E4B00D04101 /* Assets.xcassets in Resources */,
			);
			runOnlyForDeploymentPostprocessing = 0;
		};
/* End PBXResourcesBuildPhase section */

/* Begin PBXShellScriptBuildPhase section */
		07BD93EAB2EC94F48F086ABC /* [CP] Embed Pods Frameworks */ = {
			isa = PBXShellScriptBuildPhase;
			buildActionMask = 2147483647;
			files = (
			);
			inputFileListPaths = (
				"${PODS_ROOT}/Target Support Files/Pods-Movies/Pods-Movies-frameworks-${CONFIGURATION}-input-files.xcfilelist",
			);
			name = "[CP] Embed Pods Frameworks";
			outputFileListPaths = (
				"${PODS_ROOT}/Target Support Files/Pods-Movies/Pods-Movies-frameworks-${CONFIGURATION}-output-files.xcfilelist",
			);
			runOnlyForDeploymentPostprocessing = 0;
			shellPath = /bin/sh;
			shellScript = "\"${PODS_ROOT}/Target Support Files/Pods-Movies/Pods-Movies-frameworks.sh\"\n";
			showEnvVarsInLog = 0;
		};
		FAAFFA5A985FCF0440D6464B /* [CP] Check Pods Manifest.lock */ = {
			isa = PBXShellScriptBuildPhase;
			buildActionMask = 2147483647;
			files = (
			);
			inputFileListPaths = (
			);
			inputPaths = (
				"${PODS_PODFILE_DIR_PATH}/Podfile.lock",
				"${PODS_ROOT}/Manifest.lock",
			);
			name = "[CP] Check Pods Manifest.lock";
			outputFileListPaths = (
			);
			outputPaths = (
				"$(DERIVED_FILE_DIR)/Pods-Movies-checkManifestLockResult.txt",
			);
			runOnlyForDeploymentPostprocessing = 0;
			shellPath = /bin/sh;
			shellScript = "diff \"${PODS_PODFILE_DIR_PATH}/Podfile.lock\" \"${PODS_ROOT}/Manifest.lock\" > /dev/null\nif [ $? != 0 ] ; then\n    # print error to STDERR\n    echo \"error: The sandbox is not in sync with the Podfile.lock. Run 'pod install' or update your CocoaPods installation.\" >&2\n    exit 1\nfi\n# This output is used by Xcode 'outputs' to avoid re-running this script phase.\necho \"SUCCESS\" > \"${SCRIPT_OUTPUT_FILE_0}\"\n";
			showEnvVarsInLog = 0;
		};
/* End PBXShellScriptBuildPhase section */

/* Begin PBXSourcesBuildPhase section */
		69C2E0F22A6A8E4900D04101 /* Sources */ = {
			isa = PBXSourcesBuildPhase;
			buildActionMask = 2147483647;
			files = (
				69C2E12E2A6C02AC00D04101 /* MoviesListViewModel.swift in Sources */,
				69C2E1232A6AB5B500D04101 /* MovieModel.swift in Sources */,
				69C2E11E2A6AB18200D04101 /* BaseResponse.swift in Sources */,
				69C2E0FA2A6A8E4900D04101 /* MoviesApp.swift in Sources */,
				69C2E1252A6AB6C600D04101 /* MovieVM.swift in Sources */,
				69C2E12A2A6AB86B00D04101 /* MoviesNetworking.swift in Sources */,
				69C2E1142A6AAEE100D04101 /* BaseReachability.swift in Sources */,
				69C2E1182A6AB14300D04101 /* BaseInterceptor.swift in Sources */,
				69C2E12C2A6AB92D00D04101 /* MoviesAPI.swift in Sources */,
				69C2E10C2A6A8F0D00D04101 /* MoviesListView.swift in Sources */,
				69C2E11C2A6AB16F00D04101 /* TargetType.swift in Sources */,
				69C2E1122A6A8F6D00D04101 /* Constants.swift in Sources */,
				69C2E1162A6AB12000D04101 /* BaseAPI.swift in Sources */,
				69C2E1202A6AB2B000D04101 /* MovieItemView.swift in Sources */,
				69C2E11A2A6AB15E00D04101 /* ErrorResponse.swift in Sources */,
			);
			runOnlyForDeploymentPostprocessing = 0;
		};
/* End PBXSourcesBuildPhase section */

/* Begin XCBuildConfiguration section */
		69C2E1022A6A8E4B00D04101 /* Debug */ = {
			isa = XCBuildConfiguration;
			buildSettings = {
				ALWAYS_SEARCH_USER_PATHS = NO;
				CLANG_ANALYZER_NONNULL = YES;
				CLANG_ANALYZER_NUMBER_OBJECT_CONVERSION = YES_AGGRESSIVE;
				CLANG_CXX_LANGUAGE_STANDARD = "gnu++20";
				CLANG_ENABLE_MODULES = YES;
				CLANG_ENABLE_OBJC_ARC = YES;
				CLANG_ENABLE_OBJC_WEAK = YES;
				CLANG_WARN_BLOCK_CAPTURE_AUTORELEASING = YES;
				CLANG_WARN_BOOL_CONVERSION = YES;
				CLANG_WARN_COMMA = YES;
				CLANG_WARN_CONSTANT_CONVERSION = YES;
				CLANG_WARN_DEPRECATED_OBJC_IMPLEMENTATIONS = YES;
				CLANG_WARN_DIRECT_OBJC_ISA_USAGE = YES_ERROR;
				CLANG_WARN_DOCUMENTATION_COMMENTS = YES;
				CLANG_WARN_EMPTY_BODY = YES;
				CLANG_WARN_ENUM_CONVERSION = YES;
				CLANG_WARN_INFINITE_RECURSION = YES;
				CLANG_WARN_INT_CONVERSION = YES;
				CLANG_WARN_NON_LITERAL_NULL_CONVERSION = YES;
				CLANG_WARN_OBJC_IMPLICIT_RETAIN_SELF = YES;
				CLANG_WARN_OBJC_LITERAL_CONVERSION = YES;
				CLANG_WARN_OBJC_ROOT_CLASS = YES_ERROR;
				CLANG_WARN_QUOTED_INCLUDE_IN_FRAMEWORK_HEADER = YES;
				CLANG_WARN_RANGE_LOOP_ANALYSIS = YES;
				CLANG_WARN_STRICT_PROTOTYPES = YES;
				CLANG_WARN_SUSPICIOUS_MOVE = YES;
				CLANG_WARN_UNGUARDED_AVAILABILITY = YES_AGGRESSIVE;
				CLANG_WARN_UNREACHABLE_CODE = YES;
				CLANG_WARN__DUPLICATE_METHOD_MATCH = YES;
				COPY_PHASE_STRIP = NO;
				DEBUG_INFORMATION_FORMAT = dwarf;
				ENABLE_STRICT_OBJC_MSGSEND = YES;
				ENABLE_TESTABILITY = YES;
				GCC_C_LANGUAGE_STANDARD = gnu11;
				GCC_DYNAMIC_NO_PIC = NO;
				GCC_NO_COMMON_BLOCKS = YES;
				GCC_OPTIMIZATION_LEVEL = 0;
				GCC_PREPROCESSOR_DEFINITIONS = (
					"DEBUG=1",
					"$(inherited)",
				);
				GCC_WARN_64_TO_32_BIT_CONVERSION = YES;
				GCC_WARN_ABOUT_RETURN_TYPE = YES_ERROR;
				GCC_WARN_UNDECLARED_SELECTOR = YES;
				GCC_WARN_UNINITIALIZED_AUTOS = YES_AGGRESSIVE;
				GCC_WARN_UNUSED_FUNCTION = YES;
				GCC_WARN_UNUSED_VARIABLE = YES;
				IPHONEOS_DEPLOYMENT_TARGET = 16.4;
				MTL_ENABLE_DEBUG_INFO = INCLUDE_SOURCE;
				MTL_FAST_MATH = YES;
				ONLY_ACTIVE_ARCH = YES;
				SDKROOT = iphoneos;
				SWIFT_ACTIVE_COMPILATION_CONDITIONS = DEBUG;
				SWIFT_OPTIMIZATION_LEVEL = "-Onone";
			};
			name = Debug;
		};
		69C2E1032A6A8E4B00D04101 /* Release */ = {
			isa = XCBuildConfiguration;
			buildSettings = {
				ALWAYS_SEARCH_USER_PATHS = NO;
				CLANG_ANALYZER_NONNULL = YES;
				CLANG_ANALYZER_NUMBER_OBJECT_CONVERSION = YES_AGGRESSIVE;
				CLANG_CXX_LANGUAGE_STANDARD = "gnu++20";
				CLANG_ENABLE_MODULES = YES;
				CLANG_ENABLE_OBJC_ARC = YES;
				CLANG_ENABLE_OBJC_WEAK = YES;
				CLANG_WARN_BLOCK_CAPTURE_AUTORELEASING = YES;
				CLANG_WARN_BOOL_CONVERSION = YES;
				CLANG_WARN_COMMA = YES;
				CLANG_WARN_CONSTANT_CONVERSION = YES;
				CLANG_WARN_DEPRECATED_OBJC_IMPLEMENTATIONS = YES;
				CLANG_WARN_DIRECT_OBJC_ISA_USAGE = YES_ERROR;
				CLANG_WARN_DOCUMENTATION_COMMENTS = YES;
				CLANG_WARN_EMPTY_BODY = YES;
				CLANG_WARN_ENUM_CONVERSION = YES;
				CLANG_WARN_INFINITE_RECURSION = YES;
				CLANG_WARN_INT_CONVERSION = YES;
				CLANG_WARN_NON_LITERAL_NULL_CONVERSION = YES;
				CLANG_WARN_OBJC_IMPLICIT_RETAIN_SELF = YES;
				CLANG_WARN_OBJC_LITERAL_CONVERSION = YES;
				CLANG_WARN_OBJC_ROOT_CLASS = YES_ERROR;
				CLANG_WARN_QUOTED_INCLUDE_IN_FRAMEWORK_HEADER = YES;
				CLANG_WARN_RANGE_LOOP_ANALYSIS = YES;
				CLANG_WARN_STRICT_PROTOTYPES = YES;
				CLANG_WARN_SUSPICIOUS_MOVE = YES;
				CLANG_WARN_UNGUARDED_AVAILABILITY = YES_AGGRESSIVE;
				CLANG_WARN_UNREACHABLE_CODE = YES;
				CLANG_WARN__DUPLICATE_METHOD_MATCH = YES;
				COPY_PHASE_STRIP = NO;
				DEBUG_INFORMATION_FORMAT = "dwarf-with-dsym";
				ENABLE_NS_ASSERTIONS = NO;
				ENABLE_STRICT_OBJC_MSGSEND = YES;
				GCC_C_LANGUAGE_STANDARD = gnu11;
				GCC_NO_COMMON_BLOCKS = YES;
				GCC_WARN_64_TO_32_BIT_CONVERSION = YES;
				GCC_WARN_ABOUT_RETURN_TYPE = YES_ERROR;
				GCC_WARN_UNDECLARED_SELECTOR = YES;
				GCC_WARN_UNINITIALIZED_AUTOS = YES_AGGRESSIVE;
				GCC_WARN_UNUSED_FUNCTION = YES;
				GCC_WARN_UNUSED_VARIABLE = YES;
				IPHONEOS_DEPLOYMENT_TARGET = 16.4;
				MTL_ENABLE_DEBUG_INFO = NO;
				MTL_FAST_MATH = YES;
				SDKROOT = iphoneos;
				SWIFT_COMPILATION_MODE = wholemodule;
				SWIFT_OPTIMIZATION_LEVEL = "-O";
				VALIDATE_PRODUCT = YES;
			};
			name = Release;
		};
		69C2E1052A6A8E4B00D04101 /* Debug */ = {
			isa = XCBuildConfiguration;
			baseConfigurationReference = EF3E3595DC2E50600FFDE1E2 /* Pods-Movies.debug.xcconfig */;
			buildSettings = {
				ASSETCATALOG_COMPILER_APPICON_NAME = AppIcon;
				ASSETCATALOG_COMPILER_GLOBAL_ACCENT_COLOR_NAME = AccentColor;
				CODE_SIGN_STYLE = Automatic;
				CURRENT_PROJECT_VERSION = 1;
				DEVELOPMENT_ASSET_PATHS = "\"Movies/Preview Content\"";
				DEVELOPMENT_TEAM = ME3XUBDVMA;
				ENABLE_PREVIEWS = YES;
				GENERATE_INFOPLIST_FILE = YES;
				INFOPLIST_KEY_UIApplicationSceneManifest_Generation = YES;
				INFOPLIST_KEY_UIApplicationSupportsIndirectInputEvents = YES;
				INFOPLIST_KEY_UILaunchScreen_Generation = YES;
				INFOPLIST_KEY_UISupportedInterfaceOrientations_iPad = "UIInterfaceOrientationPortrait UIInterfaceOrientationPortraitUpsideDown UIInterfaceOrientationLandscapeLeft UIInterfaceOrientationLandscapeRight";
				INFOPLIST_KEY_UISupportedInterfaceOrientations_iPhone = "UIInterfaceOrientationPortrait UIInterfaceOrientationLandscapeLeft UIInterfaceOrientationLandscapeRight";
				LD_RUNPATH_SEARCH_PATHS = (
					"$(inherited)",
					"@executable_path/Frameworks",
				);
				MARKETING_VERSION = 1.0;
				PRODUCT_BUNDLE_IDENTIFIER = com.Movies.Movies;
				PRODUCT_NAME = "$(TARGET_NAME)";
				SWIFT_EMIT_LOC_STRINGS = YES;
				SWIFT_VERSION = 5.0;
				TARGETED_DEVICE_FAMILY = "1,2";
			};
			name = Debug;
		};
		69C2E1062A6A8E4B00D04101 /* Release */ = {
			isa = XCBuildConfiguration;
			baseConfigurationReference = 95DE140F82AEBA793B509221 /* Pods-Movies.release.xcconfig */;
			buildSettings = {
				ASSETCATALOG_COMPILER_APPICON_NAME = AppIcon;
				ASSETCATALOG_COMPILER_GLOBAL_ACCENT_COLOR_NAME = AccentColor;
				CODE_SIGN_STYLE = Automatic;
				CURRENT_PROJECT_VERSION = 1;
				DEVELOPMENT_ASSET_PATHS = "\"Movies/Preview Content\"";
				DEVELOPMENT_TEAM = ME3XUBDVMA;
				ENABLE_PREVIEWS = YES;
				GENERATE_INFOPLIST_FILE = YES;
				INFOPLIST_KEY_UIApplicationSceneManifest_Generation = YES;
				INFOPLIST_KEY_UIApplicationSupportsIndirectInputEvents = YES;
				INFOPLIST_KEY_UILaunchScreen_Generation = YES;
				INFOPLIST_KEY_UISupportedInterfaceOrientations_iPad = "UIInterfaceOrientationPortrait UIInterfaceOrientationPortraitUpsideDown UIInterfaceOrientationLandscapeLeft UIInterfaceOrientationLandscapeRight";
				INFOPLIST_KEY_UISupportedInterfaceOrientations_iPhone = "UIInterfaceOrientationPortrait UIInterfaceOrientationLandscapeLeft UIInterfaceOrientationLandscapeRight";
				LD_RUNPATH_SEARCH_PATHS = (
					"$(inherited)",
					"@executable_path/Frameworks",
				);
				MARKETING_VERSION = 1.0;
				PRODUCT_BUNDLE_IDENTIFIER = com.Movies.Movies;
				PRODUCT_NAME = "$(TARGET_NAME)";
				SWIFT_EMIT_LOC_STRINGS = YES;
				SWIFT_VERSION = 5.0;
				TARGETED_DEVICE_FAMILY = "1,2";
			};
			name = Release;
		};
/* End XCBuildConfiguration section */

/* Begin XCConfigurationList section */
		69C2E0F12A6A8E4900D04101 /* Build configuration list for PBXProject "Movies" */ = {
			isa = XCConfigurationList;
			buildConfigurations = (
				69C2E1022A6A8E4B00D04101 /* Debug */,
				69C2E1032A6A8E4B00D04101 /* Release */,
			);
			defaultConfigurationIsVisible = 0;
			defaultConfigurationName = Release;
		};
		69C2E1042A6A8E4B00D04101 /* Build configuration list for PBXNativeTarget "Movies" */ = {
			isa = XCConfigurationList;
			buildConfigurations = (
				69C2E1052A6A8E4B00D04101 /* Debug */,
				69C2E1062A6A8E4B00D04101 /* Release */,
			);
			defaultConfigurationIsVisible = 0;
			defaultConfigurationName = Release;
		};
/* End XCConfigurationList section */
	};
	rootObject = 69C2E0EE2A6A8E4900D04101 /* Project object */;
}
